
Microsoft Visual Studio Solution File, Format Version 12.00
# Visual Studio Version 17
VisualStudioVersion = 17.7.34221.43
MinimumVisualStudioVersion = 10.0.40219.1
Project("{FAE04EC0-301F-11D3-BF4B-00C04F79EFBC}") = "PJVisualsWPFTest", "PJVisualsWPFTest\PJVisualsWPFTest.csproj", "{C67E60E8-2B78-4970-BFF8-38C54CEFBEB6}"
EndProject
Global
	GlobalSection(SolutionConfigurationPlatforms) = preSolution
		Debug|Any CPU = Debug|Any CPU
		Release|Any CPU = Release|Any CPU
	EndGlobalSection
	GlobalSection(ProjectConfigurationPlatforms) = postSolution
		{C67E60E8-2B78-4970-BFF8-38C54CEFBEB6}.Debug|Any CPU.ActiveCfg = Debug|Any CPU
		{C67E60E8-2B78-4970-BFF8-38C54CEFBEB6}.Debug|Any CPU.Build.0 = Debug|Any CPU
		{C67E60E8-2B78-4970-BFF8-38C54CEFBEB6}.Release|Any CPU.ActiveCfg = Release|Any CPU
		{C67E60E8-2B78-4970-BFF8-38C54CEFBEB6}.Release|Any CPU.Build.0 = Release|Any CPU
	EndGlobalSection
	GlobalSection(SolutionProperties) = preSolution
		HideSolutionNode = FALSE
	EndGlobalSection
	GlobalSection(ExtensibilityGlobals) = postSolution
		SolutionGuid = {5904A6FE-F1D1-4E45-B68B-6C05D06031B4}
	EndGlobalSection
EndGlobal
